
Microsoft Visual Studio Solution File, Format Version 12.00
# Visual Studio Version 16
VisualStudioVersion = 16.0.30503.244
MinimumVisualStudioVersion = 10.0.40219.1
Project("{8BC9CEB8-8B4A-11D0-8D11-00A0C91BC942}") = "DllEntryExitDataOutput", "DllEntryExitDataOutput.vcxproj", "{DE54F603-BC06-454F-999E-58F0669BF036}"
EndProject
Global
	GlobalSection(SolutionConfigurationPlatforms) = preSolution
		Debug|x64 = Debug|x64
		Debug|x86 = Debug|x86
		Release|x64 = Release|x64
		Release|x86 = Release|x86
	EndGlobalSection
	GlobalSection(ProjectConfigurationPlatforms) = postSolution
		{DE54F603-BC06-454F-999E-58F0669BF036}.Debug|x64.ActiveCfg = Debug|x64
		{DE54F603-BC06-454F-999E-58F0669BF036}.Debug|x64.Build.0 = Debug|x64
		{DE54F603-BC06-454F-999E-58F0669BF036}.Debug|x86.ActiveCfg = Debug|Win32
		{DE54F603-BC06-454F-999E-58F0669BF036}.Debug|x86.Build.0 = Debug|Win32
		{DE54F603-BC06-454F-999E-58F0669BF036}.Release|x64.ActiveCfg = Release|x64
		{DE54F603-BC06-454F-999E-58F0669BF036}.Release|x64.Build.0 = Release|x64
		{DE54F603-BC06-454F-999E-58F0669BF036}.Release|x86.ActiveCfg = Release|Win32
		{DE54F603-BC06-454F-999E-58F0669BF036}.Release|x86.Build.0 = Release|Win32
	EndGlobalSection
	GlobalSection(SolutionProperties) = preSolution
		HideSolutionNode = FALSE
	EndGlobalSection
	GlobalSection(ExtensibilityGlobals) = postSolution
		SolutionGuid = {C0F57323-121D-40FD-9E6B-E16A8B3D4100}
	EndGlobalSection
EndGlobal
